
Microsoft Visual Studio Solution File, Format Version 12.00
# Visual Studio Version 16
VisualStudioVersion = 16.0.31205.134
MinimumVisualStudioVersion = 10.0.40219.1
Project("{FAE04EC0-301F-11D3-BF4B-00C04F79EFBC}") = "CKEditorDemo", "CKEditorDemo\CKEditorDemo.csproj", "{B1F77BE1-C724-420E-BB38-46FAD67642A8}"
EndProject
Global
	GlobalSection(SolutionConfigurationPlatforms) = preSolution
		Debug|Any CPU = Debug|Any CPU
		Release|Any CPU = Release|Any CPU
	EndGlobalSection
	GlobalSection(ProjectConfigurationPlatforms) = postSolution
		{B1F77BE1-C724-420E-BB38-46FAD67642A8}.Debug|Any CPU.ActiveCfg = Debug|Any CPU
		{B1F77BE1-C724-420E-BB38-46FAD67642A8}.Debug|Any CPU.Build.0 = Debug|Any CPU
		{B1F77BE1-C724-420E-BB38-46FAD67642A8}.Release|Any CPU.ActiveCfg = Release|Any CPU
		{B1F77BE1-C724-420E-BB38-46FAD67642A8}.Release|Any CPU.Build.0 = Release|Any CPU
	EndGlobalSection
	GlobalSection(SolutionProperties) = preSolution
		HideSolutionNode = FALSE
	EndGlobalSection
	GlobalSection(ExtensibilityGlobals) = postSolution
		SolutionGuid = {065529D3-4CC1-4984-B234-744128F3444B}
	EndGlobalSection
EndGlobal
